
Microsoft Visual Studio Solution File, Format Version 12.00
# Visual Studio Version 16
VisualStudioVersion = 25.0.1706.12
MinimumVisualStudioVersion = 10.0.40219.1
Project("{FAE04EC0-301F-11D3-BF4B-00C04F79EFBC}") = "Repro23578", "Repro23578\Repro23578.csproj", "{B8E05736-920A-47C2-A778-9376FF83506F}"
EndProject
Global
	GlobalSection(SolutionConfigurationPlatforms) = preSolution
		Debug|Any CPU = Debug|Any CPU
		Release|Any CPU = Release|Any CPU
	EndGlobalSection
	GlobalSection(ProjectConfigurationPlatforms) = postSolution
		{B8E05736-920A-47C2-A778-9376FF83506F}.Debug|Any CPU.ActiveCfg = Debug|Any CPU
		{B8E05736-920A-47C2-A778-9376FF83506F}.Debug|Any CPU.Build.0 = Debug|Any CPU
		{B8E05736-920A-47C2-A778-9376FF83506F}.Release|Any CPU.ActiveCfg = Release|Any CPU
		{B8E05736-920A-47C2-A778-9376FF83506F}.Release|Any CPU.Build.0 = Release|Any CPU
	EndGlobalSection
	GlobalSection(SolutionProperties) = preSolution
		HideSolutionNode = FALSE
	EndGlobalSection
	GlobalSection(ExtensibilityGlobals) = postSolution
		SolutionGuid = {BA214068-D92F-4B36-A503-0CD1BC2CDA48}
	EndGlobalSection
EndGlobal
